
Microsoft Visual Studio Solution File, Format Version 12.00
# Visual Studio Version 16
VisualStudioVersion = 16.0.31025.194
MinimumVisualStudioVersion = 10.0.40219.1
Project("{FAE04EC0-301F-11D3-BF4B-00C04F79EFBC}") = "MqttChat", "MqttChat\MqttChat.csproj", "{93DF7190-D076-4A88-B006-C93E01C5519E}"
EndProject
Project("{FAE04EC0-301F-11D3-BF4B-00C04F79EFBC}") = "MqttClient", "MqttClient\MqttClient.csproj", "{3085815B-1E96-4D48-B625-843056E98571}"
EndProject
Global
	GlobalSection(SolutionConfigurationPlatforms) = preSolution
		Debug|Any CPU = Debug|Any CPU
		Release|Any CPU = Release|Any CPU
	EndGlobalSection
	GlobalSection(ProjectConfigurationPlatforms) = postSolution
		{93DF7190-D076-4A88-B006-C93E01C5519E}.Debug|Any CPU.ActiveCfg = Debug|Any CPU
		{93DF7190-D076-4A88-B006-C93E01C5519E}.Debug|Any CPU.Build.0 = Debug|Any CPU
		{93DF7190-D076-4A88-B006-C93E01C5519E}.Release|Any CPU.ActiveCfg = Release|Any CPU
		{93DF7190-D076-4A88-B006-C93E01C5519E}.Release|Any CPU.Build.0 = Release|Any CPU
		{3085815B-1E96-4D48-B625-843056E98571}.Debug|Any CPU.ActiveCfg = Debug|Any CPU
		{3085815B-1E96-4D48-B625-843056E98571}.Debug|Any CPU.Build.0 = Debug|Any CPU
		{3085815B-1E96-4D48-B625-843056E98571}.Release|Any CPU.ActiveCfg = Release|Any CPU
		{3085815B-1E96-4D48-B625-843056E98571}.Release|Any CPU.Build.0 = Release|Any CPU
	EndGlobalSection
	GlobalSection(SolutionProperties) = preSolution
		HideSolutionNode = FALSE
	EndGlobalSection
	GlobalSection(ExtensibilityGlobals) = postSolution
		SolutionGuid = {B52691A9-DA24-4690-87C7-9B91AC8038A5}
	EndGlobalSection
EndGlobal
